// !$*UTF8*$!
{
	archiveVersion = 1;
	classes = {
	};
	objectVersion = 46;
	objects = {

/* Begin PBXBuildFile section */
		576167A3190B07160086F79C /* Foundation.framework in Frameworks */ = {isa = PBXBuildFile; fileRef = 576167A2190B07160086F79C /* Foundation.framework */; };
		576167A5190B07160086F79C /* CoreGraphics.framework in Frameworks */ = {isa = PBXBuildFile; fileRef = 576167A4190B07160086F79C /* CoreGraphics.framework */; };
		576167A7190B07160086F79C /* UIKit.framework in Frameworks */ = {isa = PBXBuildFile; fileRef = 576167A6190B07160086F79C /* UIKit.framework */; };
		576167AD190B07160086F79C /* InfoPlist.strings in Resources */ = {isa = PBXBuildFile; fileRef = 576167AB190B07160086F79C /* InfoPlist.strings */; };
		576167AF190B07160086F79C /* main.m in Sources */ = {isa = PBXBuildFile; fileRef = 576167AE190B07160086F79C /* main.m */; };
		576167B3190B07160086F79C /* STDAppDelegate.m in Sources */ = {isa = PBXBuildFile; fileRef = 576167B2190B07160086F79C /* STDAppDelegate.m */; };
		576167B5190B07160086F79C /* Images.xcassets in Resources */ = {isa = PBXBuildFile; fileRef = 576167B4190B07160086F79C /* Images.xcassets */; };
		576167BC190B07160086F79C /* XCTest.framework in Frameworks */ = {isa = PBXBuildFile; fileRef = 576167BB190B07160086F79C /* XCTest.framework */; };
		576167BD190B07160086F79C /* Foundation.framework in Frameworks */ = {isa = PBXBuildFile; fileRef = 576167A2190B07160086F79C /* Foundation.framework */; };
		576167BE190B07160086F79C /* UIKit.framework in Frameworks */ = {isa = PBXBuildFile; fileRef = 576167A6190B07160086F79C /* UIKit.framework */; };
		576167C6190B07160086F79C /* InfoPlist.strings in Resources */ = {isa = PBXBuildFile; fileRef = 576167C4190B07160086F79C /* InfoPlist.strings */; };
		576167C8190B07160086F79C /* standTests.m in Sources */ = {isa = PBXBuildFile; fileRef = 576167C7190B07160086F79C /* standTests.m */; };
		576167D3190B428A0086F79C /* STDCardSwipeViewController.m in Sources */ = {isa = PBXBuildFile; fileRef = 576167D2190B428A0086F79C /* STDCardSwipeViewController.m */; };
		576167DB190B95030086F79C /* UIColor+HexAdditions.m in Sources */ = {isa = PBXBuildFile; fileRef = 576167D6190B95030086F79C /* UIColor+HexAdditions.m */; };
		576167DC190B95030086F79C /* STDDraggableView.m in Sources */ = {isa = PBXBuildFile; fileRef = 576167D8190B95030086F79C /* STDDraggableView.m */; };
		576167DD190B95030086F79C /* STDOverlayView.m in Sources */ = {isa = PBXBuildFile; fileRef = 576167DA190B95030086F79C /* STDOverlayView.m */; };
		576167E9190C39B40086F79C /* STDMenuViewController.m in Sources */ = {isa = PBXBuildFile; fileRef = 576167E8190C39B40086F79C /* STDMenuViewController.m */; };
		576167EC190C4BAC0086F79C /* STDActivitiesViewController.m in Sources */ = {isa = PBXBuildFile; fileRef = 576167EB190C4BAC0086F79C /* STDActivitiesViewController.m */; };
		576167EF190C63720086F79C /* STDActivityDisplayCell.m in Sources */ = {isa = PBXBuildFile; fileRef = 576167EE190C63720086F79C /* STDActivityDisplayCell.m */; };
		576167F2190C7DC30086F79C /* STDResultsViewController.m in Sources */ = {isa = PBXBuildFile; fileRef = 576167F1190C7DC30086F79C /* STDResultsViewController.m */; };
		576167F8190CB5400086F79C /* STDTalkViewController.m in Sources */ = {isa = PBXBuildFile; fileRef = 576167F7190CB5400086F79C /* STDTalkViewController.m */; };
		576167FB190CDAFA0086F79C /* STDPhoneViewController.m in Sources */ = {isa = PBXBuildFile; fileRef = 576167FA190CDAFA0086F79C /* STDPhoneViewController.m */; };
		576167FD190CDBB80086F79C /* AudioToolbox.framework in Frameworks */ = {isa = PBXBuildFile; fileRef = 576167FC190CDBB80086F79C /* AudioToolbox.framework */; };
		576167FF190CDBC40086F79C /* CFNetwork.framework in Frameworks */ = {isa = PBXBuildFile; fileRef = 576167FE190CDBC40086F79C /* CFNetwork.framework */; };
		57616801190CDBCE0086F79C /* SystemConfiguration.framework in Frameworks */ = {isa = PBXBuildFile; fileRef = 57616800190CDBCE0086F79C /* SystemConfiguration.framework */; };
		57616803190CDBD70086F79C /* AVFoundation.framework in Frameworks */ = {isa = PBXBuildFile; fileRef = 57616802190CDBD70086F79C /* AVFoundation.framework */; };
		5761680D190CDC4D0086F79C /* libcrypto.a in Resources */ = {isa = PBXBuildFile; fileRef = 5761680A190CDC4D0086F79C /* libcrypto.a */; };
		5761680E190CDC4D0086F79C /* libssl.a in Resources */ = {isa = PBXBuildFile; fileRef = 5761680B190CDC4D0086F79C /* libssl.a */; };
		5761680F190CDC4D0086F79C /* libTwilioClient.a in Resources */ = {isa = PBXBuildFile; fileRef = 5761680C190CDC4D0086F79C /* libTwilioClient.a */; };
		57616810190CE1CF0086F79C /* libcrypto.a in Frameworks */ = {isa = PBXBuildFile; fileRef = 5761680A190CDC4D0086F79C /* libcrypto.a */; };
		57616811190CE1CF0086F79C /* libssl.a in Frameworks */ = {isa = PBXBuildFile; fileRef = 5761680B190CDC4D0086F79C /* libssl.a */; };
		57616812190CE1CF0086F79C /* libTwilioClient.a in Frameworks */ = {isa = PBXBuildFile; fileRef = 5761680C190CDC4D0086F79C /* libTwilioClient.a */; };
		5761681C190CF3A90086F79C /* STDActivityDetailViewController.m in Sources */ = {isa = PBXBuildFile; fileRef = 5761681B190CF3A90086F79C /* STDActivityDetailViewController.m */; };
/* End PBXBuildFile section */

/* Begin PBXContainerItemProxy section */
		576167BF190B07160086F79C /* PBXContainerItemProxy */ = {
			isa = PBXContainerItemProxy;
			containerPortal = 57616797190B07160086F79C /* Project object */;
			proxyType = 1;
			remoteGlobalIDString = 5761679E190B07160086F79C;
			remoteInfo = stand;
		};
/* End PBXContainerItemProxy section */

/* Begin PBXFileReference section */
		5761679F190B07160086F79C /* stand.app */ = {isa = PBXFileReference; explicitFileType = wrapper.application; includeInIndex = 0; path = stand.app; sourceTree = BUILT_PRODUCTS_DIR; };
		576167A2190B07160086F79C /* Foundation.framework */ = {isa = PBXFileReference; lastKnownFileType = wrapper.framework; name = Foundation.framework; path = System/Library/Frameworks/Foundation.framework; sourceTree = SDKROOT; };
		576167A4190B07160086F79C /* CoreGraphics.framework */ = {isa = PBXFileReference; lastKnownFileType = wrapper.framework; name = CoreGraphics.framework; path = System/Library/Frameworks/CoreGraphics.framework; sourceTree = SDKROOT; };
		576167A6190B07160086F79C /* UIKit.framework */ = {isa = PBXFileReference; lastKnownFileType = wrapper.framework; name = UIKit.framework; path = System/Library/Frameworks/UIKit.framework; sourceTree = SDKROOT; };
		576167AA190B07160086F79C /* stand-Info.plist */ = {isa = PBXFileReference; lastKnownFileType = text.plist.xml; path = "stand-Info.plist"; sourceTree = "<group>"; };
		576167AC190B07160086F79C /* en */ = {isa = PBXFileReference; lastKnownFileType = text.plist.strings; name = en; path = en.lproj/InfoPlist.strings; sourceTree = "<group>"; };
		576167AE190B07160086F79C /* main.m */ = {isa = PBXFileReference; lastKnownFileType = sourcecode.c.objc; path = main.m; sourceTree = "<group>"; };
		576167B0190B07160086F79C /* stand-Prefix.pch */ = {isa = PBXFileReference; lastKnownFileType = sourcecode.c.h; path = "stand-Prefix.pch"; sourceTree = "<group>"; };
		576167B1190B07160086F79C /* STDAppDelegate.h */ = {isa = PBXFileReference; lastKnownFileType = sourcecode.c.h; path = STDAppDelegate.h; sourceTree = "<group>"; };
		576167B2190B07160086F79C /* STDAppDelegate.m */ = {isa = PBXFileReference; lastKnownFileType = sourcecode.c.objc; path = STDAppDelegate.m; sourceTree = "<group>"; };
		576167B4190B07160086F79C /* Images.xcassets */ = {isa = PBXFileReference; lastKnownFileType = folder.assetcatalog; path = Images.xcassets; sourceTree = "<group>"; };
		576167BA190B07160086F79C /* standTests.xctest */ = {isa = PBXFileReference; explicitFileType = wrapper.cfbundle; includeInIndex = 0; path = standTests.xctest; sourceTree = BUILT_PRODUCTS_DIR; };
		576167BB190B07160086F79C /* XCTest.framework */ = {isa = PBXFileReference; lastKnownFileType = wrapper.framework; name = XCTest.framework; path = Library/Frameworks/XCTest.framework; sourceTree = DEVELOPER_DIR; };
		576167C3190B07160086F79C /* standTests-Info.plist */ = {isa = PBXFileReference; lastKnownFileType = text.plist.xml; path = "standTests-Info.plist"; sourceTree = "<group>"; };
		576167C5190B07160086F79C /* en */ = {isa = PBXFileReference; lastKnownFileType = text.plist.strings; name = en; path = en.lproj/InfoPlist.strings; sourceTree = "<group>"; };
		576167C7190B07160086F79C /* standTests.m */ = {isa = PBXFileReference; lastKnownFileType = sourcecode.c.objc; path = standTests.m; sourceTree = "<group>"; };
		576167D1190B428A0086F79C /* STDCardSwipeViewController.h */ = {isa = PBXFileReference; fileEncoding = 4; lastKnownFileType = sourcecode.c.h; path = STDCardSwipeViewController.h; sourceTree = "<group>"; };
		576167D2190B428A0086F79C /* STDCardSwipeViewController.m */ = {isa = PBXFileReference; fileEncoding = 4; lastKnownFileType = sourcecode.c.objc; path = STDCardSwipeViewController.m; sourceTree = "<group>"; };
		576167D5190B95030086F79C /* UIColor+HexAdditions.h */ = {isa = PBXFileReference; fileEncoding = 4; lastKnownFileType = sourcecode.c.h; path = "UIColor+HexAdditions.h"; sourceTree = "<group>"; };
		576167D6190B95030086F79C /* UIColor+HexAdditions.m */ = {isa = PBXFileReference; fileEncoding = 4; lastKnownFileType = sourcecode.c.objc; path = "UIColor+HexAdditions.m"; sourceTree = "<group>"; };
		576167D7190B95030086F79C /* STDDraggableView.h */ = {isa = PBXFileReference; fileEncoding = 4; lastKnownFileType = sourcecode.c.h; path = STDDraggableView.h; sourceTree = "<group>"; };
		576167D8190B95030086F79C /* STDDraggableView.m */ = {isa = PBXFileReference; fileEncoding = 4; lastKnownFileType = sourcecode.c.objc; path = STDDraggableView.m; sourceTree = "<group>"; };
		576167D9190B95030086F79C /* STDOverlayView.h */ = {isa = PBXFileReference; fileEncoding = 4; lastKnownFileType = sourcecode.c.h; path = STDOverlayView.h; sourceTree = "<group>"; };
		576167DA190B95030086F79C /* STDOverlayView.m */ = {isa = PBXFileReference; fileEncoding = 4; lastKnownFileType = sourcecode.c.objc; path = STDOverlayView.m; sourceTree = "<group>"; };
		576167E7190C39B40086F79C /* STDMenuViewController.h */ = {isa = PBXFileReference; fileEncoding = 4; lastKnownFileType = sourcecode.c.h; path = STDMenuViewController.h; sourceTree = "<group>"; };
		576167E8190C39B40086F79C /* STDMenuViewController.m */ = {isa = PBXFileReference; fileEncoding = 4; lastKnownFileType = sourcecode.c.objc; path = STDMenuViewController.m; sourceTree = "<group>"; };
		576167EA190C4BAC0086F79C /* STDActivitiesViewController.h */ = {isa = PBXFileReference; fileEncoding = 4; lastKnownFileType = sourcecode.c.h; path = STDActivitiesViewController.h; sourceTree = "<group>"; };
		576167EB190C4BAC0086F79C /* STDActivitiesViewController.m */ = {isa = PBXFileReference; fileEncoding = 4; lastKnownFileType = sourcecode.c.objc; path = STDActivitiesViewController.m; sourceTree = "<group>"; };
		576167ED190C63720086F79C /* STDActivityDisplayCell.h */ = {isa = PBXFileReference; fileEncoding = 4; lastKnownFileType = sourcecode.c.h; path = STDActivityDisplayCell.h; sourceTree = "<group>"; };
		576167EE190C63720086F79C /* STDActivityDisplayCell.m */ = {isa = PBXFileReference; fileEncoding = 4; lastKnownFileType = sourcecode.c.objc; path = STDActivityDisplayCell.m; sourceTree = "<group>"; };
		576167F0190C7DC30086F79C /* STDResultsViewController.h */ = {isa = PBXFileReference; fileEncoding = 4; lastKnownFileType = sourcecode.c.h; path = STDResultsViewController.h; sourceTree = "<group>"; };
		576167F1190C7DC30086F79C /* STDResultsViewController.m */ = {isa = PBXFileReference; fileEncoding = 4; lastKnownFileType = sourcecode.c.objc; path = STDResultsViewController.m; sourceTree = "<group>"; };
		576167F6190CB5400086F79C /* STDTalkViewController.h */ = {isa = PBXFileReference; fileEncoding = 4; lastKnownFileType = sourcecode.c.h; path = STDTalkViewController.h; sourceTree = "<group>"; };
		576167F7190CB5400086F79C /* STDTalkViewController.m */ = {isa = PBXFileReference; fileEncoding = 4; lastKnownFileType = sourcecode.c.objc; path = STDTalkViewController.m; sourceTree = "<group>"; };
		576167F9190CDAFA0086F79C /* STDPhoneViewController.h */ = {isa = PBXFileReference; fileEncoding = 4; lastKnownFileType = sourcecode.c.h; path = STDPhoneViewController.h; sourceTree = "<group>"; };
		576167FA190CDAFA0086F79C /* STDPhoneViewController.m */ = {isa = PBXFileReference; fileEncoding = 4; lastKnownFileType = sourcecode.c.objc; path = STDPhoneViewController.m; sourceTree = "<group>"; };
		576167FC190CDBB80086F79C /* AudioToolbox.framework */ = {isa = PBXFileReference; lastKnownFileType = wrapper.framework; name = AudioToolbox.framework; path = System/Library/Frameworks/AudioToolbox.framework; sourceTree = SDKROOT; };
		576167FE190CDBC40086F79C /* CFNetwork.framework */ = {isa = PBXFileReference; lastKnownFileType = wrapper.framework; name = CFNetwork.framework; path = System/Library/Frameworks/CFNetwork.framework; sourceTree = SDKROOT; };
		57616800190CDBCE0086F79C /* SystemConfiguration.framework */ = {isa = PBXFileReference; lastKnownFileType = wrapper.framework; name = SystemConfiguration.framework; path = System/Library/Frameworks/SystemConfiguration.framework; sourceTree = SDKROOT; };
		57616802190CDBD70086F79C /* AVFoundation.framework */ = {isa = PBXFileReference; lastKnownFileType = wrapper.framework; name = AVFoundation.framework; path = System/Library/Frameworks/AVFoundation.framework; sourceTree = SDKROOT; };
		57616804190CDC340086F79C /* libcrypto.a */ = {isa = PBXFileReference; lastKnownFileType = archive.ar; name = libcrypto.a; path = stand/libcrypto.a; sourceTree = "<group>"; };
		57616805190CDC340086F79C /* libssl.a */ = {isa = PBXFileReference; lastKnownFileType = archive.ar; name = libssl.a; path = stand/libssl.a; sourceTree = "<group>"; };
		57616806190CDC340086F79C /* libTwilioClient.a */ = {isa = PBXFileReference; lastKnownFileType = archive.ar; name = libTwilioClient.a; path = stand/libTwilioClient.a; sourceTree = "<group>"; };
		5761680A190CDC4D0086F79C /* libcrypto.a */ = {isa = PBXFileReference; lastKnownFileType = archive.ar; path = libcrypto.a; sourceTree = "<group>"; };
		5761680B190CDC4D0086F79C /* libssl.a */ = {isa = PBXFileReference; lastKnownFileType = archive.ar; path = libssl.a; sourceTree = "<group>"; };
		5761680C190CDC4D0086F79C /* libTwilioClient.a */ = {isa = PBXFileReference; lastKnownFileType = archive.ar; path = libTwilioClient.a; sourceTree = "<group>"; };
		57616814190CE74D0086F79C /* TCConnection.h */ = {isa = PBXFileReference; fileEncoding = 4; lastKnownFileType = sourcecode.c.h; path = TCConnection.h; sourceTree = "<group>"; };
		57616815190CE74D0086F79C /* TCConnectionDelegate.h */ = {isa = PBXFileReference; fileEncoding = 4; lastKnownFileType = sourcecode.c.h; path = TCConnectionDelegate.h; sourceTree = "<group>"; };
		57616816190CE74D0086F79C /* TCDevice.h */ = {isa = PBXFileReference; fileEncoding = 4; lastKnownFileType = sourcecode.c.h; path = TCDevice.h; sourceTree = "<group>"; };
		57616817190CE74D0086F79C /* TCDeviceDelegate.h */ = {isa = PBXFileReference; fileEncoding = 4; lastKnownFileType = sourcecode.c.h; path = TCDeviceDelegate.h; sourceTree = "<group>"; };
		57616818190CE74D0086F79C /* TCPresenceEvent.h */ = {isa = PBXFileReference; fileEncoding = 4; lastKnownFileType = sourcecode.c.h; path = TCPresenceEvent.h; sourceTree = "<group>"; };
		57616819190CE74D0086F79C /* TwilioClient.h */ = {isa = PBXFileReference; fileEncoding = 4; lastKnownFileType = sourcecode.c.h; path = TwilioClient.h; sourceTree = "<group>"; };
		5761681A190CF3A90086F79C /* STDActivityDetailViewController.h */ = {isa = PBXFileReference; fileEncoding = 4; lastKnownFileType = sourcecode.c.h; path = STDActivityDetailViewController.h; sourceTree = "<group>"; };
		5761681B190CF3A90086F79C /* STDActivityDetailViewController.m */ = {isa = PBXFileReference; fileEncoding = 4; lastKnownFileType = sourcecode.c.objc; path = STDActivityDetailViewController.m; sourceTree = "<group>"; };
/* End PBXFileReference section */

/* Begin PBXFrameworksBuildPhase section */
		5761679C190B07160086F79C /* Frameworks */ = {
			isa = PBXFrameworksBuildPhase;
			buildActionMask = 2147483647;
			files = (
				57616810190CE1CF0086F79C /* libcrypto.a in Frameworks */,
				57616811190CE1CF0086F79C /* libssl.a in Frameworks */,
				57616812190CE1CF0086F79C /* libTwilioClient.a in Frameworks */,
				57616803190CDBD70086F79C /* AVFoundation.framework in Frameworks */,
				57616801190CDBCE0086F79C /* SystemConfiguration.framework in Frameworks */,
				576167FF190CDBC40086F79C /* CFNetwork.framework in Frameworks */,
				576167FD190CDBB80086F79C /* AudioToolbox.framework in Frameworks */,
				576167A5190B07160086F79C /* CoreGraphics.framework in Frameworks */,
				576167A7190B07160086F79C /* UIKit.framework in Frameworks */,
				576167A3190B07160086F79C /* Foundation.framework in Frameworks */,
			);
			runOnlyForDeploymentPostprocessing = 0;
		};
		576167B7190B07160086F79C /* Frameworks */ = {
			isa = PBXFrameworksBuildPhase;
			buildActionMask = 2147483647;
			files = (
				576167BC190B07160086F79C /* XCTest.framework in Frameworks */,
				576167BE190B07160086F79C /* UIKit.framework in Frameworks */,
				576167BD190B07160086F79C /* Foundation.framework in Frameworks */,
			);
			runOnlyForDeploymentPostprocessing = 0;
		};
/* End PBXFrameworksBuildPhase section */

/* Begin PBXGroup section */
		57616796190B07160086F79C = {
			isa = PBXGroup;
			children = (
				57616813190CE74D0086F79C /* Headers */,
				576167A8190B07160086F79C /* stand */,
				576167C1190B07160086F79C /* standTests */,
				576167A1190B07160086F79C /* Frameworks */,
				576167A0190B07160086F79C /* Products */,
			);
			sourceTree = "<group>";
		};
		576167A0190B07160086F79C /* Products */ = {
			isa = PBXGroup;
			children = (
				5761679F190B07160086F79C /* stand.app */,
				576167BA190B07160086F79C /* standTests.xctest */,
			);
			name = Products;
			sourceTree = "<group>";
		};
		576167A1190B07160086F79C /* Frameworks */ = {
			isa = PBXGroup;
			children = (
				57616804190CDC340086F79C /* libcrypto.a */,
				57616805190CDC340086F79C /* libssl.a */,
				57616806190CDC340086F79C /* libTwilioClient.a */,
				57616802190CDBD70086F79C /* AVFoundation.framework */,
				57616800190CDBCE0086F79C /* SystemConfiguration.framework */,
				576167FE190CDBC40086F79C /* CFNetwork.framework */,
				576167FC190CDBB80086F79C /* AudioToolbox.framework */,
				576167A2190B07160086F79C /* Foundation.framework */,
				576167A4190B07160086F79C /* CoreGraphics.framework */,
				576167A6190B07160086F79C /* UIKit.framework */,
				576167BB190B07160086F79C /* XCTest.framework */,
			);
			name = Frameworks;
			sourceTree = "<group>";
		};
		576167A8190B07160086F79C /* stand */ = {
			isa = PBXGroup;
			children = (
				576167D5190B95030086F79C /* UIColor+HexAdditions.h */,
				576167D6190B95030086F79C /* UIColor+HexAdditions.m */,
				576167D7190B95030086F79C /* STDDraggableView.h */,
				576167D8190B95030086F79C /* STDDraggableView.m */,
				576167D9190B95030086F79C /* STDOverlayView.h */,
				576167DA190B95030086F79C /* STDOverlayView.m */,
				576167B1190B07160086F79C /* STDAppDelegate.h */,
				576167B2190B07160086F79C /* STDAppDelegate.m */,
				576167E7190C39B40086F79C /* STDMenuViewController.h */,
				576167E8190C39B40086F79C /* STDMenuViewController.m */,
				576167D1190B428A0086F79C /* STDCardSwipeViewController.h */,
				576167D2190B428A0086F79C /* STDCardSwipeViewController.m */,
				576167EA190C4BAC0086F79C /* STDActivitiesViewController.h */,
				576167EB190C4BAC0086F79C /* STDActivitiesViewController.m */,
				5761681A190CF3A90086F79C /* STDActivityDetailViewController.h */,
				5761681B190CF3A90086F79C /* STDActivityDetailViewController.m */,
				576167F6190CB5400086F79C /* STDTalkViewController.h */,
				576167F7190CB5400086F79C /* STDTalkViewController.m */,
				576167F0190C7DC30086F79C /* STDResultsViewController.h */,
				576167F1190C7DC30086F79C /* STDResultsViewController.m */,
				576167ED190C63720086F79C /* STDActivityDisplayCell.h */,
				576167EE190C63720086F79C /* STDActivityDisplayCell.m */,
				576167F9190CDAFA0086F79C /* STDPhoneViewController.h */,
				576167FA190CDAFA0086F79C /* STDPhoneViewController.m */,
				576167B4190B07160086F79C /* Images.xcassets */,
				576167A9190B07160086F79C /* Supporting Files */,
			);
			path = stand;
			sourceTree = "<group>";
		};
		576167A9190B07160086F79C /* Supporting Files */ = {
			isa = PBXGroup;
			children = (
				5761680A190CDC4D0086F79C /* libcrypto.a */,
				5761680B190CDC4D0086F79C /* libssl.a */,
				5761680C190CDC4D0086F79C /* libTwilioClient.a */,
				576167AA190B07160086F79C /* stand-Info.plist */,
				576167AB190B07160086F79C /* InfoPlist.strings */,
				576167AE190B07160086F79C /* main.m */,
				576167B0190B07160086F79C /* stand-Prefix.pch */,
			);
			name = "Supporting Files";
			sourceTree = "<group>";
		};
		576167C1190B07160086F79C /* standTests */ = {
			isa = PBXGroup;
			children = (
				576167C7190B07160086F79C /* standTests.m */,
				576167C2190B07160086F79C /* Supporting Files */,
			);
			path = standTests;
			sourceTree = "<group>";
		};
		576167C2190B07160086F79C /* Supporting Files */ = {
			isa = PBXGroup;
			children = (
				576167C3190B07160086F79C /* standTests-Info.plist */,
				576167C4190B07160086F79C /* InfoPlist.strings */,
			);
			name = "Supporting Files";
			sourceTree = "<group>";
		};
		57616813190CE74D0086F79C /* Headers */ = {
			isa = PBXGroup;
			children = (
				57616814190CE74D0086F79C /* TCConnection.h */,
				57616815190CE74D0086F79C /* TCConnectionDelegate.h */,
				57616816190CE74D0086F79C /* TCDevice.h */,
				57616817190CE74D0086F79C /* TCDeviceDelegate.h */,
				57616818190CE74D0086F79C /* TCPresenceEvent.h */,
				57616819190CE74D0086F79C /* TwilioClient.h */,
			);
			path = Headers;
			sourceTree = "<group>";
		};
/* End PBXGroup section */

/* Begin PBXNativeTarget section */
		5761679E190B07160086F79C /* stand */ = {
			isa = PBXNativeTarget;
			buildConfigurationList = 576167CB190B07160086F79C /* Build configuration list for PBXNativeTarget "stand" */;
			buildPhases = (
				5761679B190B07160086F79C /* Sources */,
				5761679C190B07160086F79C /* Frameworks */,
				5761679D190B07160086F79C /* Resources */,
			);
			buildRules = (
			);
			dependencies = (
			);
			name = stand;
			productName = stand;
			productReference = 5761679F190B07160086F79C /* stand.app */;
			productType = "com.apple.product-type.application";
		};
		576167B9190B07160086F79C /* standTests */ = {
			isa = PBXNativeTarget;
			buildConfigurationList = 576167CE190B07160086F79C /* Build configuration list for PBXNativeTarget "standTests" */;
			buildPhases = (
				576167B6190B07160086F79C /* Sources */,
				576167B7190B07160086F79C /* Frameworks */,
				576167B8190B07160086F79C /* Resources */,
			);
			buildRules = (
			);
			dependencies = (
				576167C0190B07160086F79C /* PBXTargetDependency */,
			);
			name = standTests;
			productName = standTests;
			productReference = 576167BA190B07160086F79C /* standTests.xctest */;
			productType = "com.apple.product-type.bundle.unit-test";
		};
/* End PBXNativeTarget section */

/* Begin PBXProject section */
		57616797190B07160086F79C /* Project object */ = {
			isa = PBXProject;
			attributes = {
				CLASSPREFIX = STD;
				LastUpgradeCheck = 0510;
				ORGANIZATIONNAME = stand;
				TargetAttributes = {
					576167B9190B07160086F79C = {
						TestTargetID = 5761679E190B07160086F79C;
					};
				};
			};
			buildConfigurationList = 5761679A190B07160086F79C /* Build configuration list for PBXProject "stand" */;
			compatibilityVersion = "Xcode 3.2";
			developmentRegion = English;
			hasScannedForEncodings = 0;
			knownRegions = (
				en,
			);
			mainGroup = 57616796190B07160086F79C;
			productRefGroup = 576167A0190B07160086F79C /* Products */;
			projectDirPath = "";
			projectRoot = "";
			targets = (
				5761679E190B07160086F79C /* stand */,
				576167B9190B07160086F79C /* standTests */,
			);
		};
/* End PBXProject section */

/* Begin PBXResourcesBuildPhase section */
		5761679D190B07160086F79C /* Resources */ = {
			isa = PBXResourcesBuildPhase;
			buildActionMask = 2147483647;
			files = (
				5761680D190CDC4D0086F79C /* libcrypto.a in Resources */,
				5761680E190CDC4D0086F79C /* libssl.a in Resources */,
				5761680F190CDC4D0086F79C /* libTwilioClient.a in Resources */,
				576167AD190B07160086F79C /* InfoPlist.strings in Resources */,
				576167B5190B07160086F79C /* Images.xcassets in Resources */,
			);
			runOnlyForDeploymentPostprocessing = 0;
		};
		576167B8190B07160086F79C /* Resources */ = {
			isa = PBXResourcesBuildPhase;
			buildActionMask = 2147483647;
			files = (
				576167C6190B07160086F79C /* InfoPlist.strings in Resources */,
			);
			runOnlyForDeploymentPostprocessing = 0;
		};
/* End PBXResourcesBuildPhase section */

/* Begin PBXSourcesBuildPhase section */
		5761679B190B07160086F79C /* Sources */ = {
			isa = PBXSourcesBuildPhase;
			buildActionMask = 2147483647;
			files = (
				576167DC190B95030086F79C /* STDDraggableView.m in Sources */,
				576167D3190B428A0086F79C /* STDCardSwipeViewController.m in Sources */,
				576167DD190B95030086F79C /* STDOverlayView.m in Sources */,
				576167DB190B95030086F79C /* UIColor+HexAdditions.m in Sources */,
				576167B3190B07160086F79C /* STDAppDelegate.m in Sources */,
				576167E9190C39B40086F79C /* STDMenuViewController.m in Sources */,
				576167AF190B07160086F79C /* main.m in Sources */,
				576167F2190C7DC30086F79C /* STDResultsViewController.m in Sources */,
				576167EF190C63720086F79C /* STDActivityDisplayCell.m in Sources */,
				576167EC190C4BAC0086F79C /* STDActivitiesViewController.m in Sources */,
				5761681C190CF3A90086F79C /* STDActivityDetailViewController.m in Sources */,
				576167F8190CB5400086F79C /* STDTalkViewController.m in Sources */,
				576167FB190CDAFA0086F79C /* STDPhoneViewController.m in Sources */,
			);
			runOnlyForDeploymentPostprocessing = 0;
		};
		576167B6190B07160086F79C /* Sources */ = {
			isa = PBXSourcesBuildPhase;
			buildActionMask = 2147483647;
			files = (
				576167C8190B07160086F79C /* standTests.m in Sources */,
			);
			runOnlyForDeploymentPostprocessing = 0;
		};
/* End PBXSourcesBuildPhase section */

/* Begin PBXTargetDependency section */
		576167C0190B07160086F79C /* PBXTargetDependency */ = {
			isa = PBXTargetDependency;
			target = 5761679E190B07160086F79C /* stand */;
			targetProxy = 576167BF190B07160086F79C /* PBXContainerItemProxy */;
		};
/* End PBXTargetDependency section */

/* Begin PBXVariantGroup section */
		576167AB190B07160086F79C /* InfoPlist.strings */ = {
			isa = PBXVariantGroup;
			children = (
				576167AC190B07160086F79C /* en */,
			);
			name = InfoPlist.strings;
			sourceTree = "<group>";
		};
		576167C4190B07160086F79C /* InfoPlist.strings */ = {
			isa = PBXVariantGroup;
			children = (
				576167C5190B07160086F79C /* en */,
			);
			name = InfoPlist.strings;
			sourceTree = "<group>";
		};
/* End PBXVariantGroup section */

/* Begin XCBuildConfiguration section */
		576167C9190B07160086F79C /* Debug */ = {
			isa = XCBuildConfiguration;
			buildSettings = {
				ALWAYS_SEARCH_USER_PATHS = NO;
				ARCHS = "$(ARCHS_STANDARD)";
				CLANG_CXX_LANGUAGE_STANDARD = "gnu++0x";
				CLANG_CXX_LIBRARY = "libc++";
				CLANG_ENABLE_MODULES = YES;
				CLANG_ENABLE_OBJC_ARC = YES;
				CLANG_WARN_BOOL_CONVERSION = YES;
				CLANG_WARN_CONSTANT_CONVERSION = YES;
				CLANG_WARN_DIRECT_OBJC_ISA_USAGE = YES_ERROR;
				CLANG_WARN_EMPTY_BODY = YES;
				CLANG_WARN_ENUM_CONVERSION = YES;
				CLANG_WARN_INT_CONVERSION = YES;
				CLANG_WARN_OBJC_ROOT_CLASS = YES_ERROR;
				CLANG_WARN__DUPLICATE_METHOD_MATCH = YES;
				"CODE_SIGN_IDENTITY[sdk=iphoneos*]" = "iPhone Developer";
				COPY_PHASE_STRIP = NO;
				GCC_C_LANGUAGE_STANDARD = gnu99;
				GCC_DYNAMIC_NO_PIC = NO;
				GCC_OPTIMIZATION_LEVEL = 0;
				GCC_PREPROCESSOR_DEFINITIONS = (
					"DEBUG=1",
					"$(inherited)",
				);
				GCC_SYMBOLS_PRIVATE_EXTERN = NO;
				GCC_WARN_64_TO_32_BIT_CONVERSION = YES;
				GCC_WARN_ABOUT_RETURN_TYPE = YES_ERROR;
				GCC_WARN_UNDECLARED_SELECTOR = YES;
				GCC_WARN_UNINITIALIZED_AUTOS = YES_AGGRESSIVE;
				GCC_WARN_UNUSED_FUNCTION = YES;
				GCC_WARN_UNUSED_VARIABLE = YES;
				IPHONEOS_DEPLOYMENT_TARGET = 7.1;
				ONLY_ACTIVE_ARCH = YES;
				"OTHER_LDFLAGS[arch=*]" = (
					"-ObjC",
					"-all_load",
				);
				SDKROOT = iphoneos;
				TARGETED_DEVICE_FAMILY = "1,2";
			};
			name = Debug;
		};
		576167CA190B07160086F79C /* Release */ = {
			isa = XCBuildConfiguration;
			buildSettings = {
				ALWAYS_SEARCH_USER_PATHS = NO;
				ARCHS = "$(ARCHS_STANDARD)";
				CLANG_CXX_LANGUAGE_STANDARD = "gnu++0x";
				CLANG_CXX_LIBRARY = "libc++";
				CLANG_ENABLE_MODULES = YES;
				CLANG_ENABLE_OBJC_ARC = YES;
				CLANG_WARN_BOOL_CONVERSION = YES;
				CLANG_WARN_CONSTANT_CONVERSION = YES;
				CLANG_WARN_DIRECT_OBJC_ISA_USAGE = YES_ERROR;
				CLANG_WARN_EMPTY_BODY = YES;
				CLANG_WARN_ENUM_CONVERSION = YES;
				CLANG_WARN_INT_CONVERSION = YES;
				CLANG_WARN_OBJC_ROOT_CLASS = YES_ERROR;
				CLANG_WARN__DUPLICATE_METHOD_MATCH = YES;
				"CODE_SIGN_IDENTITY[sdk=iphoneos*]" = "iPhone Developer";
				COPY_PHASE_STRIP = YES;
				ENABLE_NS_ASSERTIONS = NO;
				GCC_C_LANGUAGE_STANDARD = gnu99;
				GCC_WARN_64_TO_32_BIT_CONVERSION = YES;
				GCC_WARN_ABOUT_RETURN_TYPE = YES_ERROR;
				GCC_WARN_UNDECLARED_SELECTOR = YES;
				GCC_WARN_UNINITIALIZED_AUTOS = YES_AGGRESSIVE;
				GCC_WARN_UNUSED_FUNCTION = YES;
				GCC_WARN_UNUSED_VARIABLE = YES;
				IPHONEOS_DEPLOYMENT_TARGET = 7.1;
				ONLY_ACTIVE_ARCH = YES;
				SDKROOT = iphoneos;
				TARGETED_DEVICE_FAMILY = "1,2";
				VALIDATE_PRODUCT = YES;
			};
			name = Release;
		};
		576167CC190B07160086F79C /* Debug */ = {
			isa = XCBuildConfiguration;
			buildSettings = {
				ARCHS = "$(ARCHS_STANDARD)";
				ASSETCATALOG_COMPILER_APPICON_NAME = AppIcon;
				ASSETCATALOG_COMPILER_LAUNCHIMAGE_NAME = LaunchImage;
				GCC_PRECOMPILE_PREFIX_HEADER = YES;
				GCC_PREFIX_HEADER = "stand/stand-Prefix.pch";
				INFOPLIST_FILE = "stand/stand-Info.plist";
				LIBRARY_SEARCH_PATHS = (
					"$(inherited)",
					"$(PROJECT_DIR)/stand",
				);
				ONLY_ACTIVE_ARCH = NO;
				PRODUCT_NAME = "$(TARGET_NAME)";
				TARGETED_DEVICE_FAMILY = 2;
				VALID_ARCHS = "armv7 armv7s";
				"VALID_ARCHS[sdk=*]" = "armv7 armv7s";
				WRAPPER_EXTENSION = app;
			};
			name = Debug;
		};
		576167CD190B07160086F79C /* Release */ = {
			isa = XCBuildConfiguration;
			buildSettings = {
				ARCHS = "$(ARCHS_STANDARD)";
				ASSETCATALOG_COMPILER_APPICON_NAME = AppIcon;
				ASSETCATALOG_COMPILER_LAUNCHIMAGE_NAME = LaunchImage;
				GCC_PRECOMPILE_PREFIX_HEADER = YES;
				GCC_PREFIX_HEADER = "stand/stand-Prefix.pch";
				INFOPLIST_FILE = "stand/stand-Info.plist";
				LIBRARY_SEARCH_PATHS = (
					"$(inherited)",
					"$(PROJECT_DIR)/stand",
				);
				ONLY_ACTIVE_ARCH = NO;
				PRODUCT_NAME = "$(TARGET_NAME)";
				TARGETED_DEVICE_FAMILY = 2;
				VALID_ARCHS = "armv7 armv7s";
				WRAPPER_EXTENSION = app;
			};
			name = Release;
		};
		576167CF190B07160086F79C /* Debug */ = {
			isa = XCBuildConfiguration;
			buildSettings = {
				BUNDLE_LOADER = "$(BUILT_PRODUCTS_DIR)/stand.app/stand";
				FRAMEWORK_SEARCH_PATHS = (
					"$(SDKROOT)/Developer/Library/Frameworks",
					"$(inherited)",
					"$(DEVELOPER_FRAMEWORKS_DIR)",
				);
				GCC_PRECOMPILE_PREFIX_HEADER = YES;
				GCC_PREFIX_HEADER = "stand/stand-Prefix.pch";
				GCC_PREPROCESSOR_DEFINITIONS = (
					"DEBUG=1",
					"$(inherited)",
				);
				INFOPLIST_FILE = "standTests/standTests-Info.plist";
				PRODUCT_NAME = "$(TARGET_NAME)";
				TEST_HOST = "$(BUNDLE_LOADER)";
				WRAPPER_EXTENSION = xctest;
			};
			name = Debug;
		};
		576167D0190B07160086F79C /* Release */ = {
			isa = XCBuildConfiguration;
			buildSettings = {
				BUNDLE_LOADER = "$(BUILT_PRODUCTS_DIR)/stand.app/stand";
				FRAMEWORK_SEARCH_PATHS = (
					"$(SDKROOT)/Developer/Library/Frameworks",
					"$(inherited)",
					"$(DEVELOPER_FRAMEWORKS_DIR)",
				);
				GCC_PRECOMPILE_PREFIX_HEADER = YES;
				GCC_PREFIX_HEADER = "stand/stand-Prefix.pch";
				INFOPLIST_FILE = "standTests/standTests-Info.plist";
				PRODUCT_NAME = "$(TARGET_NAME)";
				TEST_HOST = "$(BUNDLE_LOADER)";
				WRAPPER_EXTENSION = xctest;
			};
			name = Release;
		};
/* End XCBuildConfiguration section */

/* Begin XCConfigurationList section */
		5761679A190B07160086F79C /* Build configuration list for PBXProject "stand" */ = {
			isa = XCConfigurationList;
			buildConfigurations = (
				576167C9190B07160086F79C /* Debug */,
				576167CA190B07160086F79C /* Release */,
			);
			defaultConfigurationIsVisible = 0;
			defaultConfigurationName = Release;
		};
		576167CB190B07160086F79C /* Build configuration list for PBXNativeTarget "stand" */ = {
			isa = XCConfigurationList;
			buildConfigurations = (
				576167CC190B07160086F79C /* Debug */,
				576167CD190B07160086F79C /* Release */,
			);
			defaultConfigurationIsVisible = 0;
			defaultConfigurationName = Release;
		};
		576167CE190B07160086F79C /* Build configuration list for PBXNativeTarget "standTests" */ = {
			isa = XCConfigurationList;
			buildConfigurations = (
				576167CF190B07160086F79C /* Debug */,
				576167D0190B07160086F79C /* Release */,
			);
			defaultConfigurationIsVisible = 0;
			defaultConfigurationName = Release;
		};
/* End XCConfigurationList section */
	};
	rootObject = 57616797190B07160086F79C /* Project object */;
}
